hash: 3299522ecc822c5807119e2878cfa3c1ebcb957611b7991c52ed55d69a6a90f4
updated: 2015-12-31T18:38:03.737357114Z
imports:
- name: github.com/alecthomas/template
  version: 14fd436dd20c3cc65242a9f396b61bfc8a3926fc
- name: github.com/alecthomas/units
  version: 2efee857e7cfd4f3d0138cc3cbb1b4966962b93a
- name: github.com/fsouza/go-dockerclient
  version: e0d22d30691bcc996eca51f729a4777b8c7dc2a8
- name: github.com/hashicorp/errwrap
  version: 7554cd9344cec97297fa6649b055a8c98c2a1e55
- name: github.com/Sirupsen/logrus
  version: 446d1c146faa8ed3f4218f056fcd165f6bcfda81
- name: gopkg.in/airbrake/gobrake.v2
  version: c9d51adc624b5cc4c1bf8de730a09af4878ffe2d
  repo: https://gopkg.in/airbrake/gobrake.v2
- name: gopkg.in/alecthomas/kingpin.v2
  version: 8852570bd3865e9c4d4cb7cf5001c4295b07cad5
- name: gopkg.in/gemnasium/logrus-airbrake-hook.v2
  version: 31e6fd4bd5a98d8ee7673d24bc54ec73c31810dd
  repo: https://gopkg.in/gemnasium/logrus-airbrake-hook.v2
- name: gopkg.in/yaml.v2
  version: f7716cbe52baa25d2e9b0d0da546fcf909fc16b4
devImports: []
