hash: 55cadf04fade8520c8c25c46e3e8424680effd6b177286660fb405e02a712692
updated: 2016-06-28T01:42:38.167063776Z
imports:
- name: github.com/Azure/go-ansiterm
  version: fa152c58bc15761d0200cb75fe958b89a9d4888e
  subpackages:
  - winterm
- name: github.com/docker/docker
  version: 487931902c1177352e4eceec1b5ef558a5ba24cc
  subpackages:
  - pkg/term
  - opts
  - pkg/archive
  - pkg/fileutils
  - pkg/homedir
  - pkg/stdcopy
  - pkg/system
  - pkg/term/windows
  - pkg/idtools
  - pkg/ioutils
  - pkg/pools
  - pkg/promise
  - pkg/longpath
- name: github.com/docker/engine-api
  version: f90ecdb1e989f834dabbd91807e891094aa069fe
  subpackages:
  - types/filters
  - types/versions
- name: github.com/docker/go-units
  version: f2d77a61e3c169b43402a0a1e84f06daf29b8190
- name: github.com/fsouza/go-dockerclient
  version: 107dc3807d24e581e874212dd9a7ba35599b893d
- name: github.com/hashicorp/go-cleanhttp
  version: ad28ea4487f05916463e2423a55166280e8254b5
- name: github.com/inconshreveable/mousetrap
  version: 76626ae9c91c4f2a10f34cad8ce83ea42c93bb75
- name: github.com/kballard/go-shellquote
  version: d8ec1a69a250a17bb0e419c386eac1f3711dc142
- name: github.com/opencontainers/runc
  version: 9b3a2f16345aa015ca286835f6f5eb67ea60aa4b
  subpackages:
  - libcontainer/user
- name: github.com/renstrom/dedent
  version: 020d11c3b9c0c7a3c2efcc8e5cf5b9ef7bcea21f
- name: github.com/Sirupsen/logrus
  version: f3cfb454f4c209e6668c95216c4744b8fddb2356
- name: github.com/spf13/cobra
  version: ec02ead39fbb63b2280d612f8ec0a4029c5a8e70
  repo: https://github.com/dnephin/cobra
- name: github.com/spf13/pflag
  version: 367864438f1b1a3c7db4da06a2f55b144e6784e0
- name: github.com/stretchr/testify
  version: d77da356e56a7428ad25149ca77381849a6a5232
- name: github.com/valyala/fasttemplate
  version: 3b874956e03f1636d171bda64b130f9135f42cff
- name: golang.org/x/net
  version: bc3663df0ac92f928d419e31e0d2af22e683a5a2
  subpackages:
  - context
- name: golang.org/x/sys
  version: 62bee037599929a6e9146f29d10dd5208c43507d
  subpackages:
  - unix
- name: gopkg.in/yaml.v2
  version: a83829b6f1293c91addabc89d0571c246397bbf4
devImports: []
